<?xml version="1.0" encoding="utf-8"?>
<Project ToolsVersion="4.0" xmlns="http://schemas.microsoft.com/developer/msbuild/2003">
  <ItemGroup>
    <Filter Include="BaekJoon">
      <UniqueIdentifier>{2a643bec-f618-49ac-89ec-db4109b57533}</UniqueIdentifier>
    </Filter>
    <Filter Include="Programmers">
      <UniqueIdentifier>{0c09c1ab-4e85-4a74-81dc-1bc9e65b0b8b}</UniqueIdentifier>
    </Filter>
  </ItemGroup>
  <ItemGroup>
    <ClCompile Include="10798.cpp">
      <Filter>BaekJoon</Filter>
    </ClCompile>
    <ClCompile Include="호텔 대실%28N%29.cpp">
      <Filter>Programmers</Filter>
    </ClCompile>
    <ClCompile Include="11047.cpp">
      <Filter>BaekJoon</Filter>
    </ClCompile>
    <ClCompile Include="체육복.cpp">
      <Filter>Programmers</Filter>
    </ClCompile>
    <ClCompile Include="조이스틱.cpp">
      <Filter>Programmers</Filter>
    </ClCompile>
    <ClCompile Include="2828%28N%29.cpp">
      <Filter>BaekJoon</Filter>
    </ClCompile>
    <ClCompile Include="2910.cpp">
      <Filter>BaekJoon</Filter>
    </ClCompile>
    <ClCompile Include="2178.cpp">
      <Filter>BaekJoon</Filter>
    </ClCompile>
    <ClCompile Include="2583.cpp">
      <Filter>BaekJoon</Filter>
    </ClCompile>
    <ClCompile Include="1920.cpp">
      <Filter>BaekJoon</Filter>
    </ClCompile>
    <ClCompile Include="17266.cpp">
      <Filter>BaekJoon</Filter>
    </ClCompile>
    <ClCompile Include="2792.cpp">
      <Filter>BaekJoon</Filter>
    </ClCompile>
    <ClCompile Include="11687.cpp">
      <Filter>BaekJoon</Filter>
    </ClCompile>
    <ClCompile Include="3020.cpp">
      <Filter>BaekJoon</Filter>
    </ClCompile>
    <ClCompile Include="프로세스.cpp">
      <Filter>Programmers</Filter>
    </ClCompile>
    <ClCompile Include="행렬의 곱셈.cpp">
      <Filter>Programmers</Filter>
    </ClCompile>
    <ClCompile Include="1463.cpp">
      <Filter>BaekJoon</Filter>
    </ClCompile>
    <ClCompile Include="9095.cpp">
      <Filter>BaekJoon</Filter>
    </ClCompile>
    <ClCompile Include="11726.cpp">
      <Filter>BaekJoon</Filter>
    </ClCompile>
    <ClCompile Include="2579.cpp">
      <Filter>BaekJoon</Filter>
    </ClCompile>
    <ClCompile Include="11722.cpp">
      <Filter>BaekJoon</Filter>
    </ClCompile>
  </ItemGroup>
</Project>